// !$*UTF8*$!
{
	archiveVersion = 1;
	classes = {
	};
	objectVersion = 46;
	objects = {
		2297AEE22F3BC4E8176181DA = {
			isa = PBXBuildFile;
			fileRef = 3B32D916F61E72A4D8F5CFEC;
		};
		A570EBD6454CC63135D0BCA7 = {
			isa = PBXBuildFile;
			fileRef = A74FDC6895AF8771EC394608;
		};
		A1D8A115039037A98881BBD7 = {
			isa = PBXBuildFile;
			fileRef = 4FCE253C1808BBFCC27D603B;
		};
		AF8CD0D70396141446CA4CDA = {
			isa = PBXBuildFile;
			fileRef = 490CD374880CD450E0A03651;
		};
		4D095E168F36E5F59BFF0B9E = {
			isa = PBXBuildFile;
			fileRef = CD4C4E25635974520A81B99C;
		};
		9EC64385CF87D5CACF0B88D7 = {
			isa = PBXBuildFile;
			fileRef = EECC77C3CB5F4A0DBE332FCB;
		};
		4F56BF0F0FEC82D0A9C53E74 = {
			isa = PBXBuildFile;
			fileRef = 926DE8F4A82D60CDD82793B2;
		};
		7B11EF2E88D7BD31EBC9B631 = {
			isa = PBXBuildFile;
			fileRef = E2CA02885793D011A9C0D350;
		};
		2AC113AA1EB4F084E724F812 = {
			isa = PBXBuildFile;
			fileRef = 14C4ABEBADADA4A6FCAC7F11;
		};
		122435FD343A9B3C3CC72F73 = {
			isa = PBXBuildFile;
			fileRef = 44317842D20DC43DF6357FBB;
		};
		634A1AF73340B1621FBBB13B = {
			isa = PBXBuildFile;
			fileRef = 9B7156255A3A3B4BC7771774;
		};
		30899A3F143CA64A3CC184CA = {
			isa = PBXBuildFile;
			fileRef = F8768D3403E2C1999827EFFE;
		};
		82EE3C90A191D8CEB3F515BD = {
			isa = PBXBuildFile;
			fileRef = 67E69067184242800FD3DA66;
		};
		465D94DCE92A6CC1F1423488 = {
			isa = PBXBuildFile;
			fileRef = 0D3FA581CBB28937FD99A585;
		};
		A239920185F8249627E5D60E = {
			isa = PBXBuildFile;
			fileRef = 6C967F5965EFD85056857AAB;
		};
		64C21E258BF1AAA6668643C6 = {
			isa = PBXBuildFile;
			fileRef = FC95569885B47A6F422C25A7;
		};
		36996CBA5A1D0A2377BD77DA = {
			isa = PBXBuildFile;
			fileRef = C8629C2E1CDE3BE05372E29F;
		};
		D87CF1B21E942FD5555B93E3 = {
			isa = PBXBuildFile;
			fileRef = D35A0EA2F88203BC627F39AB;
		};
		E0A5E658903643598F73E78E = {
			isa = PBXBuildFile;
			fileRef = E9B3F88189D2F4DBB898FABD;
		};
		9AA510E0C20BBD8A51DBBDE5 = {
			isa = PBXBuildFile;
			fileRef = 1E13A626F214A7ADF75DD7A0;
		};
		021256960B386CFB0AC56D48 = {
			isa = PBXBuildFile;
			fileRef = A21CCDC7BF0555A270C42DC3;
		};
		67F8031928FDD47D3C045BE8 = {
			isa = PBXBuildFile;
			fileRef = F302B642268004D8512485F9;
		};
		3AA630940256475C472D4494 = {
			isa = PBXBuildFile;
			fileRef = 31252279A45F7315E5C63755;
		};
		1E75AB0B502026AFF7FDC636 = {
			isa = PBXBuildFile;
			fileRef = C9D6536D636A7A230C444A46;
		};
		EE73D7CBE12933A71284E4A8 = {
			isa = PBXBuildFile;
			fileRef = 17623D1E7E18B13D07E083A4;
		};
		FF77839133EFDA969BC1F63C = {
			isa = PBXBuildFile;
			fileRef = DBDBA7C9686176779698B6BE;
		};
		5E051AF1547FD3F556550BBD = {
			isa = PBXBuildFile;
			fileRef = 9485E23154E2DA9BC4DFCC37;
		};
		E219A38B1BD63965F853C2C2 = {
			isa = PBXBuildFile;
			fileRef = A59BFADFE57B481FA067D28E;
		};
		35DF1D9FD55CD7ACA7C4929D = {
			isa = PBXBuildFile;
			fileRef = 134BAB9FEF7135EAE3800C0C;
		};
		8ECC6988EF0F414906016CF4 = {
			isa = PBXBuildFile;
			fileRef = 1E579F87D0DC062AD54A15B9;
		};
		3F1B44CE31A229146E810D1C = {
			isa = PBXBuildFile;
			fileRef = BF6A848F2930D1F9893AA01A;
		};
		249776EA6C136333730ED090 = {
			isa = PBXBuildFile;
			fileRef = 620B594B5638A254BD2084A0;
		};
		58A21DF3635883B82F198ED0 = {
			isa = PBXBuildFile;
			fileRef = F5EC2F329F65D0A1CE2736F0;
		};
		FBF11F8060DE66BF3F1ABE02 = {
			isa = PBXBuildFile;
			fileRef = F8509E592916986275134E92;
		};
		2B49F4ED9FB7D11C0999B05F = {
			isa = PBXBuildFile;
			fileRef = 2F3953253922622CD80490F3;
		};
		0905E3C909F9BC300DB8594B = {
			isa = PBXBuildFile;
			fileRef = 536352E726836E20420592C6;
		};
		D8DA2F34923DA58C1008B5F2 = {
			isa = PBXBuildFile;
			fileRef = 80FD3A65D0F349B57CEDF8F4;
		};
		E44E54D5864377C10B1DBBF4 = {
			isa = PBXBuildFile;
			fileRef = 4EB09B86F2417CDE943536A3;
		};
		4841BA68A36FBF4ADB10FD96 = {
			isa = PBXBuildFile;
			fileRef = D8C6EB7BDEB556C2C5989239;
		};
		81CC4C29F17634D3089F3D4E = {
			isa = PBXBuildFile;
			fileRef = 233AFAF82A4CD72E943A20A5;
		};
		956279382127D22CAA595CBA = {
			isa = PBXBuildFile;
			fileRef = A1B9410F261ACF618CB85C11;
		};
		2EAAFC56F36CCA2974912804 = {
			isa = PBXBuildFile;
			fileRef = 8628E284687316F10F5D64A0;
		};
		0E4AF6D7122054170CF5C04B = {
			isa = PBXBuildFile;
			fileRef = B69124667B5F22B57FD9CFAE;
		};
		EF73A2ECD92C41BD3CEBFCBA = {
			isa = PBXBuildFile;
			fileRef = 802032A16C7F1618A460CAA2;
		};
		A0E932DE5AB8C61E709AA80B = {
			isa = PBXBuildFile;
			fileRef = F39D630CDF3332CA733C7D0A;
		};
		891CE972FD02F4EC7F6D98D6 = {
			isa = PBXBuildFile;
			fileRef = 1864358FC0FA0FF4CE0825B9;
		};
		528F94358C87951D054C9997 = {
			isa = PBXBuildFile;
			fileRef = 7B95DAEB134B80CF0834AA62;
		};
		0754006BF3BA318DCA1DE469 = {
			isa = PBXFileReference;
			lastKnownFileType = file;
			name = "juce_audio_plugin_client";
			path = "/Users/megawrench/Downloads/JUCE/modules/juce_audio_plugin_client";
			sourceTree = "<absolute>";
		};
		0D3FA581CBB28937FD99A585 = {
			isa = PBXFileReference;
			lastKnownFileType = wrapper.framework;
			name = CoreAudioKit.framework;
			path = System/Library/Frameworks/CoreAudioKit.framework;
			sourceTree = SDKROOT;
		};
		134BAB9FEF7135EAE3800C0C = {
			isa = PBXFileReference;
			lastKnownFileType = sourcecode.cpp.objcpp;
			name = "include_juce_audio_plugin_client_AU_1.mm";
			path = "../../JuceLibraryCode/include_juce_audio_plugin_client_AU_1.mm";
			sourceTree = "SOURCE_ROOT";
		};
		14C4ABEBADADA4A6FCAC7F11 = {
			isa = PBXFileReference;
			lastKnownFileType = wrapper.framework;
			name = AVFoundation.framework;
			path = System/Library/Frameworks/AVFoundation.framework;
			sourceTree = SDKROOT;
		};
		1521E4149B0E1DFED4DCE91B = {
			isa = PBXFileReference;
			lastKnownFileType = text.plist.xml;
			name = "Info-Standalone_Plugin.plist";
			path = "Info-Standalone_Plugin.plist";
			sourceTree = "SOURCE_ROOT";
		};
		17623D1E7E18B13D07E083A4 = {
			isa = PBXFileReference;
			lastKnownFileType = sourcecode.cpp.objcpp;
			name = "include_juce_audio_basics.mm";
			path = "../../JuceLibraryCode/include_juce_audio_basics.mm";
			sourceTree = "SOURCE_ROOT";
		};
		1864358FC0FA0FF4CE0825B9 = {
			isa = PBXFileReference;
			lastKnownFileType = sourcecode.cpp.objcpp;
			name = "include_juce_video.mm";
			path = "../../JuceLibraryCode/include_juce_video.mm";
			sourceTree = "SOURCE_ROOT";
		};
		1E13A626F214A7ADF75DD7A0 = {
			isa = PBXFileReference;
			lastKnownFileType = wrapper.framework;
			name = QuartzCore.framework;
			path = System/Library/Frameworks/QuartzCore.framework;
			sourceTree = SDKROOT;
		};
		1E579F87D0DC062AD54A15B9 = {
			isa = PBXFileReference;
			lastKnownFileType = sourcecode.cpp.objcpp;
			name = "include_juce_audio_plugin_client_AU_2.mm";
			path = "../../JuceLibraryCode/include_juce_audio_plugin_client_AU_2.mm";
			sourceTree = "SOURCE_ROOT";
		};
		1F694E94BEC6B084AD62C0D2 = {
			isa = PBXFileReference;
			lastKnownFileType = file;
			name = "juce_graphics";
			path = "/Users/megawrench/Downloads/JUCE/modules/juce_graphics";
			sourceTree = "<absolute>";
		};
		201F3DCBA679185BDA04A97A = {
			isa = PBXFileReference;
			lastKnownFileType = file;
			name = "juce_audio_formats";
			path = "/Users/megawrench/Downloads/JUCE/modules/juce_audio_formats";
			sourceTree = "<absolute>";
		};
		233AFAF82A4CD72E943A20A5 = {
			isa = PBXFileReference;
			lastKnownFileType = sourcecode.cpp.objcpp;
			name = "include_juce_data_structures.mm";
			path = "../../JuceLibraryCode/include_juce_data_structures.mm";
			sourceTree = "SOURCE_ROOT";
		};
		2F3953253922622CD80490F3 = {
			isa = PBXFileReference;
			lastKnownFileType = sourcecode.cpp.cpp;
			name = "include_juce_audio_plugin_client_VST2.cpp";
			path = "../../JuceLibraryCode/include_juce_audio_plugin_client_VST2.cpp";
			sourceTree = "SOURCE_ROOT";
		};
		31252279A45F7315E5C63755 = {
			isa = PBXFileReference;
			lastKnownFileType = sourcecode.cpp.cpp;
			name = PluginProcessor.cpp;
			path = ../../Source/PluginProcessor.cpp;
			sourceTree = "SOURCE_ROOT";
		};
		340208A1A5B53ED077A3D5DB = {
			isa = PBXFileReference;
			lastKnownFileType = file;
			name = "juce_audio_utils";
			path = "/Users/megawrench/Downloads/JUCE/modules/juce_audio_utils";
			sourceTree = "<absolute>";
		};
		3B32D916F61E72A4D8F5CFEC = {
			isa = PBXFileReference;
			explicitFileType = wrapper.cfbundle;
			includeInIndex = 0;
			path = GRRNLRR.vst;
			sourceTree = "BUILT_PRODUCTS_DIR";
		};
		3ED7B20BC4907E83999E6399 = {
			isa = PBXFileReference;
			lastKnownFileType = file;
			name = "juce_audio_basics";
			path = "/Users/megawrench/Downloads/JUCE/modules/juce_audio_basics";
			sourceTree = "<absolute>";
		};
		40B9158A328424BE6313044C = {
			isa = PBXFileReference;
			lastKnownFileType = sourcecode.c.h;
			name = Grain.h;
			path = ../../Source/Grain.h;
			sourceTree = "SOURCE_ROOT";
		};
		44317842D20DC43DF6357FBB = {
			isa = PBXFileReference;
			lastKnownFileType = wrapper.framework;
			name = AVKit.framework;
			path = System/Library/Frameworks/AVKit.framework;
			sourceTree = SDKROOT;
		};
		4EB09B86F2417CDE943536A3 = {
			isa = PBXFileReference;
			lastKnownFileType = sourcecode.cpp.objcpp;
			name = "include_juce_core.mm";
			path = "../../JuceLibraryCode/include_juce_core.mm";
			sourceTree = "SOURCE_ROOT";
		};
		620B594B5638A254BD2084A0 = {
			isa = PBXFileReference;
			lastKnownFileType = sourcecode.cpp.cpp;
			name = "include_juce_audio_plugin_client_Unity.cpp";
			path = "../../JuceLibraryCode/include_juce_audio_plugin_client_Unity.cpp";
			sourceTree = "SOURCE_ROOT";
		};
		67E69067184242800FD3DA66 = {
			isa = PBXFileReference;
			lastKnownFileType = wrapper.framework;
			name = CoreAudio.framework;
			path = System/Library/Frameworks/CoreAudio.framework;
			sourceTree = SDKROOT;
		};
		A74FDC6895AF8771EC394608 = {
			isa = PBXFileReference;
			explicitFileType = wrapper.cfbundle;
			includeInIndex = 0;
			path = GRRNLRR.component;
			sourceTree = "BUILT_PRODUCTS_DIR";
		};
		4FCE253C1808BBFCC27D603B = {
			isa = PBXFileReference;
			explicitFileType = wrapper.application;
			includeInIndex = 0;
			path = GRRNLRR.app;
			sourceTree = "BUILT_PRODUCTS_DIR";
		};
		490CD374880CD450E0A03651 = {
			isa = PBXFileReference;
			explicitFileType = wrapper.cfbundle;
			includeInIndex = 0;
			path = "audioplugin_GRRNLRR.bundle";
			sourceTree = "BUILT_PRODUCTS_DIR";
		};
		4BDF3D855FFB1AA4074872D9 = {
			isa = PBXFileReference;
			lastKnownFileType = file;
			name = "juce_cryptography";
			path = "/Users/megawrench/Downloads/JUCE/modules/juce_cryptography";
			sourceTree = "<absolute>";
		};
		536352E726836E20420592C6 = {
			isa = PBXFileReference;
			lastKnownFileType = sourcecode.cpp.objcpp;
			name = "include_juce_audio_processors.mm";
			path = "../../JuceLibraryCode/include_juce_audio_processors.mm";
			sourceTree = "SOURCE_ROOT";
		};
		6C967F5965EFD85056857AAB = {
			isa = PBXFileReference;
			lastKnownFileType = wrapper.framework;
			name = CoreMedia.framework;
			path = System/Library/Frameworks/CoreMedia.framework;
			sourceTree = SDKROOT;
		};
		6EA60DC11AFF3314C86772FB = {
			isa = PBXFileReference;
			lastKnownFileType = sourcecode.c.h;
			name = AppConfig.h;
			path = ../../JuceLibraryCode/AppConfig.h;
			sourceTree = "SOURCE_ROOT";
		};
		737D2026B777B398643948FD = {
			isa = PBXFileReference;
			lastKnownFileType = text.plist.xml;
			name = "Info-AU.plist";
			path = "Info-AU.plist";
			sourceTree = "SOURCE_ROOT";
		};
		759A2E6316B9C9E015129B5B = {
			isa = PBXFileReference;
			lastKnownFileType = file;
			name = "juce_events";
			path = "/Users/megawrench/Downloads/JUCE/modules/juce_events";
			sourceTree = "<absolute>";
		};
		777888F71BA964FB382B7339 = {
			isa = PBXFileReference;
			lastKnownFileType = sourcecode.c.h;
			name = ParameterGUIclasses.h;
			path = ../../Source/ParameterGUIclasses.h;
			sourceTree = "SOURCE_ROOT";
		};
		7B21E36E3CF926FFE6159931 = {
			isa = PBXFileReference;
			lastKnownFileType = sourcecode.c.h;
			name = PluginEditor.h;
			path = ../../Source/PluginEditor.h;
			sourceTree = "SOURCE_ROOT";
		};
		7B95DAEB134B80CF0834AA62 = {
			isa = PBXFileReference;
			lastKnownFileType = file.cs;
			name = "audioplugin_GRRNLRR_UnityScript.cs";
			path = "../../JuceLibraryCode/audioplugin_GRRNLRR_UnityScript.cs";
			sourceTree = "SOURCE_ROOT";
		};
		802032A16C7F1618A460CAA2 = {
			isa = PBXFileReference;
			lastKnownFileType = sourcecode.cpp.objcpp;
			name = "include_juce_gui_extra.mm";
			path = "../../JuceLibraryCode/include_juce_gui_extra.mm";
			sourceTree = "SOURCE_ROOT";
		};
		80FD3A65D0F349B57CEDF8F4 = {
			isa = PBXFileReference;
			lastKnownFileType = sourcecode.cpp.objcpp;
			name = "include_juce_audio_utils.mm";
			path = "../../JuceLibraryCode/include_juce_audio_utils.mm";
			sourceTree = "SOURCE_ROOT";
		};
		8628E284687316F10F5D64A0 = {
			isa = PBXFileReference;
			lastKnownFileType = sourcecode.cpp.objcpp;
			name = "include_juce_graphics.mm";
			path = "../../JuceLibraryCode/include_juce_graphics.mm";
			sourceTree = "SOURCE_ROOT";
		};
		91C2F3CF1ADCD9209471E504 = {
			isa = PBXFileReference;
			lastKnownFileType = file;
			name = "juce_gui_extra";
			path = "/Users/megawrench/Downloads/JUCE/modules/juce_gui_extra";
			sourceTree = "<absolute>";
		};
		926DE8F4A82D60CDD82793B2 = {
			isa = PBXFileReference;
			lastKnownFileType = wrapper.framework;
			name = AudioToolbox.framework;
			path = System/Library/Frameworks/AudioToolbox.framework;
			sourceTree = SDKROOT;
		};
		9485E23154E2DA9BC4DFCC37 = {
			isa = PBXFileReference;
			lastKnownFileType = sourcecode.cpp.objcpp;
			name = "include_juce_audio_formats.mm";
			path = "../../JuceLibraryCode/include_juce_audio_formats.mm";
			sourceTree = "SOURCE_ROOT";
		};
		9B7156255A3A3B4BC7771774 = {
			isa = PBXFileReference;
			lastKnownFileType = wrapper.framework;
			name = Carbon.framework;
			path = System/Library/Frameworks/Carbon.framework;
			sourceTree = SDKROOT;
		};
		9DCD37EB0758116029A7AAF4 = {
			isa = PBXFileReference;
			lastKnownFileType = file;
			name = "juce_audio_processors";
			path = "/Users/megawrench/Downloads/JUCE/modules/juce_audio_processors";
			sourceTree = "<absolute>";
		};
		A1B9410F261ACF618CB85C11 = {
			isa = PBXFileReference;
			lastKnownFileType = sourcecode.cpp.objcpp;
			name = "include_juce_events.mm";
			path = "../../JuceLibraryCode/include_juce_events.mm";
			sourceTree = "SOURCE_ROOT";
		};
		A21CCDC7BF0555A270C42DC3 = {
			isa = PBXFileReference;
			lastKnownFileType = wrapper.framework;
			name = WebKit.framework;
			path = System/Library/Frameworks/WebKit.framework;
			sourceTree = SDKROOT;
		};
		A59BFADFE57B481FA067D28E = {
			isa = PBXFileReference;
			lastKnownFileType = file.r;
			name = "include_juce_audio_plugin_client_AU.r";
			path = "../../JuceLibraryCode/include_juce_audio_plugin_client_AU.r";
			sourceTree = "SOURCE_ROOT";
		};
		A7BC6BFC62960A23104B8F21 = {
			isa = PBXFileReference;
			lastKnownFileType = file;
			name = "juce_opengl";
			path = "/Users/megawrench/Downloads/JUCE/modules/juce_opengl";
			sourceTree = "<absolute>";
		};
		B69124667B5F22B57FD9CFAE = {
			isa = PBXFileReference;
			lastKnownFileType = sourcecode.cpp.objcpp;
			name = "include_juce_gui_basics.mm";
			path = "../../JuceLibraryCode/include_juce_gui_basics.mm";
			sourceTree = "SOURCE_ROOT";
		};
		BE3FC19B4AE9F9787905B6C0 = {
			isa = PBXFileReference;
			lastKnownFileType = file;
			name = "juce_core";
			path = "/Users/megawrench/Downloads/JUCE/modules/juce_core";
			sourceTree = "<absolute>";
		};
		BF6A848F2930D1F9893AA01A = {
			isa = PBXFileReference;
			lastKnownFileType = sourcecode.cpp.cpp;
			name = "include_juce_audio_plugin_client_Standalone.cpp";
			path = "../../JuceLibraryCode/include_juce_audio_plugin_client_Standalone.cpp";
			sourceTree = "SOURCE_ROOT";
		};
		C18692A2A52284A0BDFDDB0D = {
			isa = PBXFileReference;
			lastKnownFileType = text.plist.xml;
			name = "Info-VST.plist";
			path = "Info-VST.plist";
			sourceTree = "SOURCE_ROOT";
		};
		C3817D423E2B93772AAB50D0 = {
			isa = PBXFileReference;
			lastKnownFileType = sourcecode.c.h;
			name = PluginProcessor.h;
			path = ../../Source/PluginProcessor.h;
			sourceTree = "SOURCE_ROOT";
		};
		C8629C2E1CDE3BE05372E29F = {
			isa = PBXFileReference;
			lastKnownFileType = wrapper.framework;
			name = DiscRecording.framework;
			path = System/Library/Frameworks/DiscRecording.framework;
			sourceTree = SDKROOT;
		};
		C916E22BA40FF52C1AEBCBD0 = {
			isa = PBXFileReference;
			lastKnownFileType = file;
			name = "juce_audio_devices";
			path = "/Users/megawrench/Downloads/JUCE/modules/juce_audio_devices";
			sourceTree = "<absolute>";
		};
		C9D6536D636A7A230C444A46 = {
			isa = PBXFileReference;
			lastKnownFileType = sourcecode.cpp.cpp;
			name = PluginEditor.cpp;
			path = ../../Source/PluginEditor.cpp;
			sourceTree = "SOURCE_ROOT";
		};
		CD4C4E25635974520A81B99C = {
			isa = PBXFileReference;
			explicitFileType = archive.ar;
			includeInIndex = 0;
			path = libGRRNLRR.a;
			sourceTree = "BUILT_PRODUCTS_DIR";
		};
		D35A0EA2F88203BC627F39AB = {
			isa = PBXFileReference;
			lastKnownFileType = wrapper.framework;
			name = IOKit.framework;
			path = System/Library/Frameworks/IOKit.framework;
			sourceTree = SDKROOT;
		};
		D8C6EB7BDEB556C2C5989239 = {
			isa = PBXFileReference;
			lastKnownFileType = sourcecode.cpp.objcpp;
			name = "include_juce_cryptography.mm";
			path = "../../JuceLibraryCode/include_juce_cryptography.mm";
			sourceTree = "SOURCE_ROOT";
		};
		DBDBA7C9686176779698B6BE = {
			isa = PBXFileReference;
			lastKnownFileType = sourcecode.cpp.objcpp;
			name = "include_juce_audio_devices.mm";
			path = "../../JuceLibraryCode/include_juce_audio_devices.mm";
			sourceTree = "SOURCE_ROOT";
		};
		E2CA02885793D011A9C0D350 = {
			isa = PBXFileReference;
			lastKnownFileType = wrapper.framework;
			name = AudioUnit.framework;
			path = System/Library/Frameworks/AudioUnit.framework;
			sourceTree = SDKROOT;
		};
		E9B3F88189D2F4DBB898FABD = {
			isa = PBXFileReference;
			lastKnownFileType = wrapper.framework;
			name = OpenGL.framework;
			path = System/Library/Frameworks/OpenGL.framework;
			sourceTree = SDKROOT;
		};
		EAEF700750EF8D39D7B531F1 = {
			isa = PBXFileReference;
			lastKnownFileType = text.plist.xml;
			name = "Info-Unity_Plugin.plist";
			path = "Info-Unity_Plugin.plist";
			sourceTree = "SOURCE_ROOT";
		};
		EB55F9D97F1CCD9D5D35AB28 = {
			isa = PBXFileReference;
			lastKnownFileType = file;
			name = "juce_video";
			path = "/Users/megawrench/Downloads/JUCE/modules/juce_video";
			sourceTree = "<absolute>";
		};
		EECC77C3CB5F4A0DBE332FCB = {
			isa = PBXFileReference;
			lastKnownFileType = wrapper.framework;
			name = Accelerate.framework;
			path = System/Library/Frameworks/Accelerate.framework;
			sourceTree = SDKROOT;
		};
		F302B642268004D8512485F9 = {
			isa = PBXFileReference;
			lastKnownFileType = file.nib;
			name = RecentFilesMenuTemplate.nib;
			path = RecentFilesMenuTemplate.nib;
			sourceTree = "SOURCE_ROOT";
		};
		F39D630CDF3332CA733C7D0A = {
			isa = PBXFileReference;
			lastKnownFileType = sourcecode.cpp.objcpp;
			name = "include_juce_opengl.mm";
			path = "../../JuceLibraryCode/include_juce_opengl.mm";
			sourceTree = "SOURCE_ROOT";
		};
		F5131E861166059E6D57F9F5 = {
			isa = PBXFileReference;
			lastKnownFileType = file;
			name = "juce_data_structures";
			path = "/Users/megawrench/Downloads/JUCE/modules/juce_data_structures";
			sourceTree = "<absolute>";
		};
		F5EC2F329F65D0A1CE2736F0 = {
			isa = PBXFileReference;
			lastKnownFileType = sourcecode.cpp.cpp;
			name = "include_juce_audio_plugin_client_utils.cpp";
			path = "../../JuceLibraryCode/include_juce_audio_plugin_client_utils.cpp";
			sourceTree = "SOURCE_ROOT";
		};
		F8509E592916986275134E92 = {
			isa = PBXFileReference;
			lastKnownFileType = sourcecode.cpp.objcpp;
			name = "include_juce_audio_plugin_client_VST_utils.mm";
			path = "../../JuceLibraryCode/include_juce_audio_plugin_client_VST_utils.mm";
			sourceTree = "SOURCE_ROOT";
		};
		F85328AA0F42FAC67F37D8BF = {
			isa = PBXFileReference;
			lastKnownFileType = file;
			name = "juce_gui_basics";
			path = "/Users/megawrench/Downloads/JUCE/modules/juce_gui_basics";
			sourceTree = "<absolute>";
		};
		F8768D3403E2C1999827EFFE = {
			isa = PBXFileReference;
			lastKnownFileType = wrapper.framework;
			name = Cocoa.framework;
			path = System/Library/Frameworks/Cocoa.framework;
			sourceTree = SDKROOT;
		};
		F8CCF6B794AE75081605BD81 = {
			isa = PBXFileReference;
			lastKnownFileType = sourcecode.c.h;
			name = JuceHeader.h;
			path = ../../JuceLibraryCode/JuceHeader.h;
			sourceTree = "SOURCE_ROOT";
		};
		FC4AB2CC2FC86BCE4D25C6A9 = {
			isa = PBXFileReference;
			lastKnownFileType = sourcecode.c.h;
			name = ReferenceCountedBuffer.h;
			path = ../../Source/ReferenceCountedBuffer.h;
			sourceTree = "SOURCE_ROOT";
		};
		FC95569885B47A6F422C25A7 = {
			isa = PBXFileReference;
			lastKnownFileType = wrapper.framework;
			name = CoreMIDI.framework;
			path = System/Library/Frameworks/CoreMIDI.framework;
			sourceTree = SDKROOT;
		};
		FFEA0B9B17B296BE8495270F = {
			isa = PBXFileReference;
			lastKnownFileType = text.plist.xml;
			name = GRRNLRR.entitlements;
			path = GRRNLRR.entitlements;
			sourceTree = "SOURCE_ROOT";
		};
		C11D0DED0FA4A4A7AC4E3DC7 = {
			isa = PBXGroup;
			children = (
				777888F71BA964FB382B7339,
				FC4AB2CC2FC86BCE4D25C6A9,
				40B9158A328424BE6313044C,
				31252279A45F7315E5C63755,
				C3817D423E2B93772AAB50D0,
				C9D6536D636A7A230C444A46,
				7B21E36E3CF926FFE6159931,
			);
			name = Source;
			sourceTree = "<group>";
		};
		8F4D285C761476CE617CEE9B = {
			isa = PBXGroup;
			children = (
				C11D0DED0FA4A4A7AC4E3DC7,
			);
			name = GRRNLRR;
			sourceTree = "<group>";
		};
		A6BF212292EBA4CA1C0719E8 = {
			isa = PBXGroup;
			children = (
				3ED7B20BC4907E83999E6399,
				C916E22BA40FF52C1AEBCBD0,
				201F3DCBA679185BDA04A97A,
				0754006BF3BA318DCA1DE469,
				9DCD37EB0758116029A7AAF4,
				340208A1A5B53ED077A3D5DB,
				BE3FC19B4AE9F9787905B6C0,
				4BDF3D855FFB1AA4074872D9,
				F5131E861166059E6D57F9F5,
				759A2E6316B9C9E015129B5B,
				1F694E94BEC6B084AD62C0D2,
				F85328AA0F42FAC67F37D8BF,
				91C2F3CF1ADCD9209471E504,
				A7BC6BFC62960A23104B8F21,
				EB55F9D97F1CCD9D5D35AB28,
			);
			name = "JUCE Modules";
			sourceTree = "<group>";
		};
		074BEEB1BD0CEA1D1A8A728A = {
			isa = PBXGroup;
			children = (
				6EA60DC11AFF3314C86772FB,
				17623D1E7E18B13D07E083A4,
				DBDBA7C9686176779698B6BE,
				9485E23154E2DA9BC4DFCC37,
				A59BFADFE57B481FA067D28E,
				134BAB9FEF7135EAE3800C0C,
				1E579F87D0DC062AD54A15B9,
				BF6A848F2930D1F9893AA01A,
				620B594B5638A254BD2084A0,
				F5EC2F329F65D0A1CE2736F0,
				F8509E592916986275134E92,
				2F3953253922622CD80490F3,
				536352E726836E20420592C6,
				80FD3A65D0F349B57CEDF8F4,
				4EB09B86F2417CDE943536A3,
				D8C6EB7BDEB556C2C5989239,
				233AFAF82A4CD72E943A20A5,
				A1B9410F261ACF618CB85C11,
				8628E284687316F10F5D64A0,
				B69124667B5F22B57FD9CFAE,
				802032A16C7F1618A460CAA2,
				F39D630CDF3332CA733C7D0A,
				1864358FC0FA0FF4CE0825B9,
				F8CCF6B794AE75081605BD81,
			);
			name = "JUCE Library Code";
			sourceTree = "<group>";
		};
		6854BD4A4F16A219E6CE9D85 = {
			isa = PBXGroup;
			children = (
				C18692A2A52284A0BDFDDB0D,
				737D2026B777B398643948FD,
				1521E4149B0E1DFED4DCE91B,
				EAEF700750EF8D39D7B531F1,
				F302B642268004D8512485F9,
				7B95DAEB134B80CF0834AA62,
			);
			name = Resources;
			sourceTree = "<group>";
		};
		72AB47166BC9734D9E4B4266 = {
			isa = PBXGroup;
			children = (
				EECC77C3CB5F4A0DBE332FCB,
				926DE8F4A82D60CDD82793B2,
				E2CA02885793D011A9C0D350,
				14C4ABEBADADA4A6FCAC7F11,
				44317842D20DC43DF6357FBB,
				9B7156255A3A3B4BC7771774,
				F8768D3403E2C1999827EFFE,
				67E69067184242800FD3DA66,
				0D3FA581CBB28937FD99A585,
				6C967F5965EFD85056857AAB,
				FC95569885B47A6F422C25A7,
				C8629C2E1CDE3BE05372E29F,
				D35A0EA2F88203BC627F39AB,
				E9B3F88189D2F4DBB898FABD,
				1E13A626F214A7ADF75DD7A0,
				A21CCDC7BF0555A270C42DC3,
			);
			name = Frameworks;
			sourceTree = "<group>";
		};
		8E15C0D454158A20AA646838 = {
			isa = PBXGroup;
			children = (
				3B32D916F61E72A4D8F5CFEC,
				A74FDC6895AF8771EC394608,
				4FCE253C1808BBFCC27D603B,
				490CD374880CD450E0A03651,
				CD4C4E25635974520A81B99C,
			);
			name = Products;
			sourceTree = "<group>";
		};
		C2DC81AA9E443D7C85385ED2 = {
			isa = PBXGroup;
			children = (
				FFEA0B9B17B296BE8495270F,
				8F4D285C761476CE617CEE9B,
				A6BF212292EBA4CA1C0719E8,
				074BEEB1BD0CEA1D1A8A728A,
				6854BD4A4F16A219E6CE9D85,
				72AB47166BC9734D9E4B4266,
				8E15C0D454158A20AA646838,
			);
			name = Source;
			sourceTree = "<group>";
		};
		FF0D28EDAD61ED8BBB0E89C3 = {
			isa = XCBuildConfiguration;
			buildSettings = {
				MACOSX_DEPLOYMENT_TARGET = 10.11;
			};
			name = Debug;
		};
		3933024F430F22E87D1459F0 = {
			isa = XCBuildConfiguration;
			buildSettings = {
				MACOSX_DEPLOYMENT_TARGET = 10.9;
			};
			name = Release;
		};
		A75AC0DD214B1DA2396EF563 = {
			isa = XCBuildConfiguration;
			buildSettings = {
				CLANG_CXX_LANGUAGE_STANDARD = "c++14";
				CLANG_CXX_LIBRARY = "libc++";
				CLANG_LINK_OBJC_RUNTIME = NO;
				COMBINE_HIDPI_IMAGES = YES;
				CONFIGURATION_BUILD_DIR = "$(PROJECT_DIR)/build/$(CONFIGURATION)";
				COPY_PHASE_STRIP = NO;
				DEPLOYMENT_LOCATION = YES;
				DSTROOT = /;
				GCC_DYNAMIC_NO_PIC = NO;
				GCC_OPTIMIZATION_LEVEL = 0;
				GCC_PREPROCESSOR_DEFINITIONS = (
					"_DEBUG=1",
					"DEBUG=1",
					"JUCER_XCODE_MAC_F6D2F4CF=1",
					"JUCE_APP_VERSION=1.0.0",
					"JUCE_APP_VERSION_HEX=0x10000",
					"JucePlugin_Build_VST=1",
					"JucePlugin_Build_VST3=0",
					"JucePlugin_Build_AU=0",
					"JucePlugin_Build_AUv3=0",
					"JucePlugin_Build_RTAS=0",
					"JucePlugin_Build_AAX=0",
					"JucePlugin_Build_Standalone=0",
					"JucePlugin_Build_Unity=0",
				);
				GCC_VERSION = com.apple.compilers.llvm.clang.1_0;
				GENERATE_PKGINFO_FILE = YES;
				HEADER_SEARCH_PATHS = (
					"$(HOME)/SDKs/VST_SDK/VST3_SDK",
					"../../JuceLibraryCode",
					"/Users/megawrench/Downloads/JUCE/modules",
					"/Users/megawrench/Downloads/JUCE/modules/juce_audio_plugin_client",
					"$(inherited)",
				);
				INFOPLIST_FILE = Info-VST.plist;
				INFOPLIST_PREPROCESS = NO;
				INSTALL_PATH = "$(HOME)/Library/Audio/Plug-Ins/VST/";
				LIBRARY_STYLE = Bundle;
				MACOSX_DEPLOYMENT_TARGET = 10.11;
				OTHER_LDFLAGS = "-bundle -lGRRNLRR";
				PRODUCT_BUNDLE_IDENTIFIER = com.rasy.grrnlrr;
				PRODUCT_NAME = "GRRNLRR";
				USE_HEADERMAP = NO;
				WRAPPER_EXTENSION = vst;
			};
			name = Debug;
		};
		1BC9EDB948DB63E80C0FB758 = {
			isa = XCBuildConfiguration;
			buildSettings = {
				CLANG_CXX_LANGUAGE_STANDARD = "c++14";
				CLANG_CXX_LIBRARY = "libc++";
				CLANG_LINK_OBJC_RUNTIME = NO;
				COMBINE_HIDPI_IMAGES = YES;
				CONFIGURATION_BUILD_DIR = "$(PROJECT_DIR)/build/$(CONFIGURATION)";
				DEAD_CODE_STRIPPING = YES;
				DEPLOYMENT_LOCATION = YES;
				DSTROOT = /;
				GCC_GENERATE_DEBUGGING_SYMBOLS = NO;
				GCC_OPTIMIZATION_LEVEL = 3;
				GCC_PREPROCESSOR_DEFINITIONS = (
					"_NDEBUG=1",
					"NDEBUG=1",
					"JUCER_XCODE_MAC_F6D2F4CF=1",
					"JUCE_APP_VERSION=1.0.0",
					"JUCE_APP_VERSION_HEX=0x10000",
					"JucePlugin_Build_VST=1",
					"JucePlugin_Build_VST3=0",
					"JucePlugin_Build_AU=0",
					"JucePlugin_Build_AUv3=0",
					"JucePlugin_Build_RTAS=0",
					"JucePlugin_Build_AAX=0",
					"JucePlugin_Build_Standalone=0",
					"JucePlugin_Build_Unity=0",
				);
				GCC_SYMBOLS_PRIVATE_EXTERN = YES;
				GCC_VERSION = com.apple.compilers.llvm.clang.1_0;
				GENERATE_PKGINFO_FILE = YES;
				HEADER_SEARCH_PATHS = (
					"$(HOME)/SDKs/VST_SDK/VST3_SDK",
					"../../JuceLibraryCode",
					"/Users/megawrench/Downloads/JUCE/modules",
					"/Users/megawrench/Downloads/JUCE/modules/juce_audio_plugin_client",
					"$(inherited)",
				);
				INFOPLIST_FILE = Info-VST.plist;
				INFOPLIST_PREPROCESS = NO;
				INSTALL_PATH = "$(HOME)/Library/Audio/Plug-Ins/VST/";
				LIBRARY_STYLE = Bundle;
				LLVM_LTO = YES;
				MACOSX_DEPLOYMENT_TARGET = 10.9;
				OTHER_LDFLAGS = "-bundle -lGRRNLRR";
				PRODUCT_BUNDLE_IDENTIFIER = com.rasy.grrnlrr;
				PRODUCT_NAME = "GRRNLRR";
				USE_HEADERMAP = NO;
				WRAPPER_EXTENSION = vst;
			};
			name = Release;
		};
		CD81C6D94C950ACC10274FBE = {
			isa = XCBuildConfiguration;
			buildSettings = {
				CLANG_CXX_LANGUAGE_STANDARD = "c++14";
				CLANG_CXX_LIBRARY = "libc++";
				CLANG_LINK_OBJC_RUNTIME = NO;
				COMBINE_HIDPI_IMAGES = YES;
				CONFIGURATION_BUILD_DIR = "$(PROJECT_DIR)/build/$(CONFIGURATION)";
				COPY_PHASE_STRIP = NO;
				DEPLOYMENT_LOCATION = YES;
				DSTROOT = /;
				GCC_DYNAMIC_NO_PIC = NO;
				GCC_OPTIMIZATION_LEVEL = 0;
				GCC_PREPROCESSOR_DEFINITIONS = (
					"_DEBUG=1",
					"DEBUG=1",
					"JUCER_XCODE_MAC_F6D2F4CF=1",
					"JUCE_APP_VERSION=1.0.0",
					"JUCE_APP_VERSION_HEX=0x10000",
					"JucePlugin_Build_VST=0",
					"JucePlugin_Build_VST3=0",
					"JucePlugin_Build_AU=1",
					"JucePlugin_Build_AUv3=0",
					"JucePlugin_Build_RTAS=0",
					"JucePlugin_Build_AAX=0",
					"JucePlugin_Build_Standalone=0",
					"JucePlugin_Build_Unity=0",
				);
				GCC_VERSION = com.apple.compilers.llvm.clang.1_0;
				GENERATE_PKGINFO_FILE = YES;
				HEADER_SEARCH_PATHS = (
					"$(HOME)/SDKs/VST_SDK/VST3_SDK",
					"../../JuceLibraryCode",
					"/Users/megawrench/Downloads/JUCE/modules",
					"/Users/megawrench/Downloads/JUCE/modules/juce_audio_plugin_client",
					"$(inherited)",
				);
				INFOPLIST_FILE = Info-AU.plist;
				INFOPLIST_PREPROCESS = NO;
				INSTALL_PATH = "$(HOME)/Library/Audio/Plug-Ins/Components/";
				LIBRARY_STYLE = Bundle;
				MACOSX_DEPLOYMENT_TARGET = 10.11;
				OTHER_LDFLAGS = "-bundle -lGRRNLRR";
				OTHER_REZFLAGS = "-d ppc_$ppc -d i386_$i386 -d ppc64_$ppc64 -d x86_64_$x86_64 -I /System/Library/Frameworks/CoreServices.framework/Frameworks/CarbonCore.framework/Versions/A/Headers -I \"$(DEVELOPER_DIR)/Extras/CoreAudio/AudioUnits/AUPublic/AUBase\"";
				PRODUCT_BUNDLE_IDENTIFIER = com.rasy.grrnlrr;
				PRODUCT_NAME = "GRRNLRR";
				USE_HEADERMAP = NO;
				WRAPPER_EXTENSION = component;
			};
			name = Debug;
		};
		EF2DC20C0344299CF589734E = {
			isa = XCBuildConfiguration;
			buildSettings = {
				CLANG_CXX_LANGUAGE_STANDARD = "c++14";
				CLANG_CXX_LIBRARY = "libc++";
				CLANG_LINK_OBJC_RUNTIME = NO;
				COMBINE_HIDPI_IMAGES = YES;
				CONFIGURATION_BUILD_DIR = "$(PROJECT_DIR)/build/$(CONFIGURATION)";
				DEAD_CODE_STRIPPING = YES;
				DEPLOYMENT_LOCATION = YES;
				DSTROOT = /;
				GCC_GENERATE_DEBUGGING_SYMBOLS = NO;
				GCC_OPTIMIZATION_LEVEL = 3;
				GCC_PREPROCESSOR_DEFINITIONS = (
					"_NDEBUG=1",
					"NDEBUG=1",
					"JUCER_XCODE_MAC_F6D2F4CF=1",
					"JUCE_APP_VERSION=1.0.0",
					"JUCE_APP_VERSION_HEX=0x10000",
					"JucePlugin_Build_VST=0",
					"JucePlugin_Build_VST3=0",
					"JucePlugin_Build_AU=1",
					"JucePlugin_Build_AUv3=0",
					"JucePlugin_Build_RTAS=0",
					"JucePlugin_Build_AAX=0",
					"JucePlugin_Build_Standalone=0",
					"JucePlugin_Build_Unity=0",
				);
				GCC_SYMBOLS_PRIVATE_EXTERN = YES;
				GCC_VERSION = com.apple.compilers.llvm.clang.1_0;
				GENERATE_PKGINFO_FILE = YES;
				HEADER_SEARCH_PATHS = (
					"$(HOME)/SDKs/VST_SDK/VST3_SDK",
					"../../JuceLibraryCode",
					"/Users/megawrench/Downloads/JUCE/modules",
					"/Users/megawrench/Downloads/JUCE/modules/juce_audio_plugin_client",
					"$(inherited)",
				);
				INFOPLIST_FILE = Info-AU.plist;
				INFOPLIST_PREPROCESS = NO;
				INSTALL_PATH = "$(HOME)/Library/Audio/Plug-Ins/Components/";
				LIBRARY_STYLE = Bundle;
				LLVM_LTO = YES;
				MACOSX_DEPLOYMENT_TARGET = 10.9;
				OTHER_LDFLAGS = "-bundle -lGRRNLRR";
				OTHER_REZFLAGS = "-d ppc_$ppc -d i386_$i386 -d ppc64_$ppc64 -d x86_64_$x86_64 -I /System/Library/Frameworks/CoreServices.framework/Frameworks/CarbonCore.framework/Versions/A/Headers -I \"$(DEVELOPER_DIR)/Extras/CoreAudio/AudioUnits/AUPublic/AUBase\"";
				PRODUCT_BUNDLE_IDENTIFIER = com.rasy.grrnlrr;
				PRODUCT_NAME = "GRRNLRR";
				USE_HEADERMAP = NO;
				WRAPPER_EXTENSION = component;
			};
			name = Release;
		};
		E1D4D64A2E9D6F7929A431D5 = {
			isa = XCBuildConfiguration;
			buildSettings = {
				CLANG_CXX_LANGUAGE_STANDARD = "c++14";
				CLANG_CXX_LIBRARY = "libc++";
				CLANG_LINK_OBJC_RUNTIME = NO;
				COMBINE_HIDPI_IMAGES = YES;
				CONFIGURATION_BUILD_DIR = "$(PROJECT_DIR)/build/$(CONFIGURATION)";
				COPY_PHASE_STRIP = NO;
				GCC_DYNAMIC_NO_PIC = NO;
				GCC_OPTIMIZATION_LEVEL = 0;
				GCC_PREPROCESSOR_DEFINITIONS = (
					"_DEBUG=1",
					"DEBUG=1",
					"JUCER_XCODE_MAC_F6D2F4CF=1",
					"JUCE_APP_VERSION=1.0.0",
					"JUCE_APP_VERSION_HEX=0x10000",
					"JucePlugin_Build_VST=0",
					"JucePlugin_Build_VST3=0",
					"JucePlugin_Build_AU=0",
					"JucePlugin_Build_AUv3=0",
					"JucePlugin_Build_RTAS=0",
					"JucePlugin_Build_AAX=0",
					"JucePlugin_Build_Standalone=1",
					"JucePlugin_Build_Unity=0",
				);
				GCC_VERSION = com.apple.compilers.llvm.clang.1_0;
				HEADER_SEARCH_PATHS = (
					"$(HOME)/SDKs/VST_SDK/VST3_SDK",
					"../../JuceLibraryCode",
					"/Users/megawrench/Downloads/JUCE/modules",
					"/Users/megawrench/Downloads/JUCE/modules/juce_audio_plugin_client",
					"$(inherited)",
				);
				INFOPLIST_FILE = Info-Standalone_Plugin.plist;
				INFOPLIST_PREPROCESS = NO;
				MACOSX_DEPLOYMENT_TARGET = 10.11;
				OTHER_LDFLAGS = "-lGRRNLRR";
				PRODUCT_BUNDLE_IDENTIFIER = com.rasy.grrnlrr;
				PRODUCT_NAME = "GRRNLRR";
				USE_HEADERMAP = NO;
			};
			name = Debug;
		};
		A5C4FB6E56283E0436EB65F4 = {
			isa = XCBuildConfiguration;
			buildSettings = {
				CLANG_CXX_LANGUAGE_STANDARD = "c++14";
				CLANG_CXX_LIBRARY = "libc++";
				CLANG_LINK_OBJC_RUNTIME = NO;
				COMBINE_HIDPI_IMAGES = YES;
				CONFIGURATION_BUILD_DIR = "$(PROJECT_DIR)/build/$(CONFIGURATION)";
				DEAD_CODE_STRIPPING = YES;
				GCC_GENERATE_DEBUGGING_SYMBOLS = NO;
				GCC_OPTIMIZATION_LEVEL = 3;
				GCC_PREPROCESSOR_DEFINITIONS = (
					"_NDEBUG=1",
					"NDEBUG=1",
					"JUCER_XCODE_MAC_F6D2F4CF=1",
					"JUCE_APP_VERSION=1.0.0",
					"JUCE_APP_VERSION_HEX=0x10000",
					"JucePlugin_Build_VST=0",
					"JucePlugin_Build_VST3=0",
					"JucePlugin_Build_AU=0",
					"JucePlugin_Build_AUv3=0",
					"JucePlugin_Build_RTAS=0",
					"JucePlugin_Build_AAX=0",
					"JucePlugin_Build_Standalone=1",
					"JucePlugin_Build_Unity=0",
				);
				GCC_SYMBOLS_PRIVATE_EXTERN = YES;
				GCC_VERSION = com.apple.compilers.llvm.clang.1_0;
				HEADER_SEARCH_PATHS = (
					"$(HOME)/SDKs/VST_SDK/VST3_SDK",
					"../../JuceLibraryCode",
					"/Users/megawrench/Downloads/JUCE/modules",
					"/Users/megawrench/Downloads/JUCE/modules/juce_audio_plugin_client",
					"$(inherited)",
				);
				INFOPLIST_FILE = Info-Standalone_Plugin.plist;
				INFOPLIST_PREPROCESS = NO;
				LLVM_LTO = YES;
				MACOSX_DEPLOYMENT_TARGET = 10.9;
				OTHER_LDFLAGS = "-lGRRNLRR";
				PRODUCT_BUNDLE_IDENTIFIER = com.rasy.grrnlrr;
				PRODUCT_NAME = "GRRNLRR";
				USE_HEADERMAP = NO;
			};
			name = Release;
		};
		27F317266AA3A881CD94F610 = {
			isa = XCBuildConfiguration;
			buildSettings = {
				CLANG_CXX_LANGUAGE_STANDARD = "c++14";
				CLANG_CXX_LIBRARY = "libc++";
				CLANG_LINK_OBJC_RUNTIME = NO;
				COMBINE_HIDPI_IMAGES = YES;
				CONFIGURATION_BUILD_DIR = "$(PROJECT_DIR)/build/$(CONFIGURATION)";
				COPY_PHASE_STRIP = NO;
				GCC_DYNAMIC_NO_PIC = NO;
				GCC_OPTIMIZATION_LEVEL = 0;
				GCC_PREPROCESSOR_DEFINITIONS = (
					"_DEBUG=1",
					"DEBUG=1",
					"JUCER_XCODE_MAC_F6D2F4CF=1",
					"JUCE_APP_VERSION=1.0.0",
					"JUCE_APP_VERSION_HEX=0x10000",
					"JucePlugin_Build_VST=0",
					"JucePlugin_Build_VST3=0",
					"JucePlugin_Build_AU=0",
					"JucePlugin_Build_AUv3=0",
					"JucePlugin_Build_RTAS=0",
					"JucePlugin_Build_AAX=0",
					"JucePlugin_Build_Standalone=0",
					"JucePlugin_Build_Unity=1",
				);
				GCC_VERSION = com.apple.compilers.llvm.clang.1_0;
				GENERATE_PKGINFO_FILE = YES;
				HEADER_SEARCH_PATHS = (
					"$(HOME)/SDKs/VST_SDK/VST3_SDK",
					"../../JuceLibraryCode",
					"/Users/megawrench/Downloads/JUCE/modules",
					"/Users/megawrench/Downloads/JUCE/modules/juce_audio_plugin_client",
					"$(inherited)",
				);
				INFOPLIST_FILE = Info-Unity_Plugin.plist;
				INFOPLIST_PREPROCESS = NO;
				LIBRARY_STYLE = Bundle;
				MACOSX_DEPLOYMENT_TARGET = 10.11;
				OTHER_LDFLAGS = "-bundle -lGRRNLRR";
				PRODUCT_BUNDLE_IDENTIFIER = com.rasy.grrnlrr;
				PRODUCT_NAME = "audioplugin_GRRNLRR";
				USE_HEADERMAP = NO;
				WRAPPER_EXTENSION = bundle;
			};
			name = Debug;
		};
		F82290BDDB830B427ABFF668 = {
			isa = XCBuildConfiguration;
			buildSettings = {
				CLANG_CXX_LANGUAGE_STANDARD = "c++14";
				CLANG_CXX_LIBRARY = "libc++";
				CLANG_LINK_OBJC_RUNTIME = NO;
				COMBINE_HIDPI_IMAGES = YES;
				CONFIGURATION_BUILD_DIR = "$(PROJECT_DIR)/build/$(CONFIGURATION)";
				DEAD_CODE_STRIPPING = YES;
				GCC_GENERATE_DEBUGGING_SYMBOLS = NO;
				GCC_OPTIMIZATION_LEVEL = 3;
				GCC_PREPROCESSOR_DEFINITIONS = (
					"_NDEBUG=1",
					"NDEBUG=1",
					"JUCER_XCODE_MAC_F6D2F4CF=1",
					"JUCE_APP_VERSION=1.0.0",
					"JUCE_APP_VERSION_HEX=0x10000",
					"JucePlugin_Build_VST=0",
					"JucePlugin_Build_VST3=0",
					"JucePlugin_Build_AU=0",
					"JucePlugin_Build_AUv3=0",
					"JucePlugin_Build_RTAS=0",
					"JucePlugin_Build_AAX=0",
					"JucePlugin_Build_Standalone=0",
					"JucePlugin_Build_Unity=1",
				);
				GCC_SYMBOLS_PRIVATE_EXTERN = YES;
				GCC_VERSION = com.apple.compilers.llvm.clang.1_0;
				GENERATE_PKGINFO_FILE = YES;
				HEADER_SEARCH_PATHS = (
					"$(HOME)/SDKs/VST_SDK/VST3_SDK",
					"../../JuceLibraryCode",
					"/Users/megawrench/Downloads/JUCE/modules",
					"/Users/megawrench/Downloads/JUCE/modules/juce_audio_plugin_client",
					"$(inherited)",
				);
				INFOPLIST_FILE = Info-Unity_Plugin.plist;
				INFOPLIST_PREPROCESS = NO;
				LIBRARY_STYLE = Bundle;
				LLVM_LTO = YES;
				MACOSX_DEPLOYMENT_TARGET = 10.9;
				OTHER_LDFLAGS = "-bundle -lGRRNLRR";
				PRODUCT_BUNDLE_IDENTIFIER = com.rasy.grrnlrr;
				PRODUCT_NAME = "audioplugin_GRRNLRR";
				USE_HEADERMAP = NO;
				WRAPPER_EXTENSION = bundle;
			};
			name = Release;
		};
		50F14A7E86BEBCFF3CD5623E = {
			isa = XCBuildConfiguration;
			buildSettings = {
				CLANG_CXX_LANGUAGE_STANDARD = "c++14";
				CLANG_CXX_LIBRARY = "libc++";
				CLANG_LINK_OBJC_RUNTIME = NO;
				COMBINE_HIDPI_IMAGES = YES;
				CONFIGURATION_BUILD_DIR = "$(PROJECT_DIR)/build/$(CONFIGURATION)";
				COPY_PHASE_STRIP = NO;
				GCC_DYNAMIC_NO_PIC = NO;
				GCC_OPTIMIZATION_LEVEL = 0;
				GCC_PREPROCESSOR_DEFINITIONS = (
					"_DEBUG=1",
					"DEBUG=1",
					"JUCER_XCODE_MAC_F6D2F4CF=1",
					"JUCE_APP_VERSION=1.0.0",
					"JUCE_APP_VERSION_HEX=0x10000",
					"JucePlugin_Build_VST=1",
					"JucePlugin_Build_VST3=0",
					"JucePlugin_Build_AU=1",
					"JucePlugin_Build_AUv3=0",
					"JucePlugin_Build_RTAS=0",
					"JucePlugin_Build_AAX=0",
					"JucePlugin_Build_Standalone=1",
					"JucePlugin_Build_Unity=1",
					"JUCE_SHARED_CODE=1",
				);
				GCC_VERSION = com.apple.compilers.llvm.clang.1_0;
				HEADER_SEARCH_PATHS = (
					"$(HOME)/SDKs/VST_SDK/VST3_SDK",
					"../../JuceLibraryCode",
					"/Users/megawrench/Downloads/JUCE/modules",
					"/Users/megawrench/Downloads/JUCE/modules/juce_audio_plugin_client",
					"$(inherited)",
				);
				INSTALL_PATH = "@executable_path/../Frameworks";
				MACOSX_DEPLOYMENT_TARGET = 10.11;
				PRODUCT_BUNDLE_IDENTIFIER = com.rasy.grrnlrr;
				PRODUCT_NAME = "GRRNLRR";
				SKIP_INSTALL = YES;
				USE_HEADERMAP = NO;
			};
			name = Debug;
		};
		397A523E6757D5A4B6D99D08 = {
			isa = XCBuildConfiguration;
			buildSettings = {
				CLANG_CXX_LANGUAGE_STANDARD = "c++14";
				CLANG_CXX_LIBRARY = "libc++";
				CLANG_LINK_OBJC_RUNTIME = NO;
				COMBINE_HIDPI_IMAGES = YES;
				CONFIGURATION_BUILD_DIR = "$(PROJECT_DIR)/build/$(CONFIGURATION)";
				DEAD_CODE_STRIPPING = YES;
				GCC_GENERATE_DEBUGGING_SYMBOLS = NO;
				GCC_OPTIMIZATION_LEVEL = 3;
				GCC_PREPROCESSOR_DEFINITIONS = (
					"_NDEBUG=1",
					"NDEBUG=1",
					"JUCER_XCODE_MAC_F6D2F4CF=1",
					"JUCE_APP_VERSION=1.0.0",
					"JUCE_APP_VERSION_HEX=0x10000",
					"JucePlugin_Build_VST=1",
					"JucePlugin_Build_VST3=0",
					"JucePlugin_Build_AU=1",
					"JucePlugin_Build_AUv3=0",
					"JucePlugin_Build_RTAS=0",
					"JucePlugin_Build_AAX=0",
					"JucePlugin_Build_Standalone=1",
					"JucePlugin_Build_Unity=1",
					"JUCE_SHARED_CODE=1",
				);
				GCC_SYMBOLS_PRIVATE_EXTERN = YES;
				GCC_VERSION = com.apple.compilers.llvm.clang.1_0;
				HEADER_SEARCH_PATHS = (
					"$(HOME)/SDKs/VST_SDK/VST3_SDK",
					"../../JuceLibraryCode",
					"/Users/megawrench/Downloads/JUCE/modules",
					"/Users/megawrench/Downloads/JUCE/modules/juce_audio_plugin_client",
					"$(inherited)",
				);
				INSTALL_PATH = "@executable_path/../Frameworks";
				LLVM_LTO = YES;
				MACOSX_DEPLOYMENT_TARGET = 10.9;
				PRODUCT_BUNDLE_IDENTIFIER = com.rasy.grrnlrr;
				PRODUCT_NAME = "GRRNLRR";
				SKIP_INSTALL = YES;
				USE_HEADERMAP = NO;
			};
			name = Release;
		};
		67DD2E95BAB6BF979B52B073 = {
			isa = XCBuildConfiguration;
			buildSettings = {
				ALWAYS_SEARCH_USER_PATHS = NO;
				CLANG_ENABLE_OBJC_WEAK = YES;
				CLANG_WARN_BLOCK_CAPTURE_AUTORELEASING = YES;
				CLANG_WARN_BOOL_CONVERSION = YES;
				CLANG_WARN_COMMA = YES;
				CLANG_WARN_CONSTANT_CONVERSION = YES;
				CLANG_WARN_DEPRECATED_OBJC_IMPLEMENTATIONS = YES;
				CLANG_WARN_EMPTY_BODY = YES;
				CLANG_WARN_ENUM_CONVERSION = YES;
				CLANG_WARN_INFINITE_RECURSION = YES;
				CLANG_WARN_INT_CONVERSION = YES;
				CLANG_WARN_NON_LITERAL_NULL_CONVERSION = YES;
				CLANG_WARN_OBJC_IMPLICIT_RETAIN_SELF = YES;
				CLANG_WARN_OBJC_LITERAL_CONVERSION = YES;
				CLANG_WARN_RANGE_LOOP_ANALYSIS = YES;
				CLANG_WARN_STRICT_PROTOTYPES = YES;
				CLANG_WARN_SUSPICIOUS_MOVE = YES;
				CLANG_WARN_UNREACHABLE_CODE = YES;
				CLANG_WARN__DUPLICATE_METHOD_MATCH = YES;
				DEBUG_INFORMATION_FORMAT = "dwarf";
				ENABLE_STRICT_OBJC_MSGSEND = YES;
				ENABLE_TESTABILITY = YES;
				GCC_C_LANGUAGE_STANDARD = c11;
				GCC_INLINES_ARE_PRIVATE_EXTERN = YES;
				GCC_MODEL_TUNING = G5;
				GCC_NO_COMMON_BLOCKS = YES;
				GCC_WARN_64_TO_32_BIT_CONVERSION = YES;
				GCC_WARN_ABOUT_RETURN_TYPE = YES;
				GCC_WARN_CHECK_SWITCH_STATEMENTS = YES;
				GCC_WARN_MISSING_PARENTHESES = YES;
				GCC_WARN_NON_VIRTUAL_DESTRUCTOR = YES;
				GCC_WARN_TYPECHECK_CALLS_TO_PRINTF = YES;
				GCC_WARN_UNDECLARED_SELECTOR = YES;
				GCC_WARN_UNINITIALIZED_AUTOS = YES;
				GCC_WARN_UNUSED_FUNCTION = YES;
				GCC_WARN_UNUSED_VARIABLE = YES;
				ONLY_ACTIVE_ARCH = YES;
				PRODUCT_NAME = "GRRNLRR";
				WARNING_CFLAGS = -Wreorder;
				ZERO_LINK = NO;
			};
			name = Debug;
		};
		DA0D0346ACD79965ECBB8EE9 = {
			isa = XCBuildConfiguration;
			buildSettings = {
				ALWAYS_SEARCH_USER_PATHS = NO;
				CLANG_ENABLE_OBJC_WEAK = YES;
				CLANG_WARN_BLOCK_CAPTURE_AUTORELEASING = YES;
				CLANG_WARN_BOOL_CONVERSION = YES;
				CLANG_WARN_COMMA = YES;
				CLANG_WARN_CONSTANT_CONVERSION = YES;
				CLANG_WARN_DEPRECATED_OBJC_IMPLEMENTATIONS = YES;
				CLANG_WARN_EMPTY_BODY = YES;
				CLANG_WARN_ENUM_CONVERSION = YES;
				CLANG_WARN_INFINITE_RECURSION = YES;
				CLANG_WARN_INT_CONVERSION = YES;
				CLANG_WARN_NON_LITERAL_NULL_CONVERSION = YES;
				CLANG_WARN_OBJC_IMPLICIT_RETAIN_SELF = YES;
				CLANG_WARN_OBJC_LITERAL_CONVERSION = YES;
				CLANG_WARN_RANGE_LOOP_ANALYSIS = YES;
				CLANG_WARN_STRICT_PROTOTYPES = YES;
				CLANG_WARN_SUSPICIOUS_MOVE = YES;
				CLANG_WARN_UNREACHABLE_CODE = YES;
				CLANG_WARN__DUPLICATE_METHOD_MATCH = YES;
				DEBUG_INFORMATION_FORMAT = "dwarf";
				ENABLE_STRICT_OBJC_MSGSEND = YES;
				GCC_C_LANGUAGE_STANDARD = c11;
				GCC_INLINES_ARE_PRIVATE_EXTERN = YES;
				GCC_MODEL_TUNING = G5;
				GCC_NO_COMMON_BLOCKS = YES;
				GCC_WARN_64_TO_32_BIT_CONVERSION = YES;
				GCC_WARN_ABOUT_RETURN_TYPE = YES;
				GCC_WARN_CHECK_SWITCH_STATEMENTS = YES;
				GCC_WARN_MISSING_PARENTHESES = YES;
				GCC_WARN_NON_VIRTUAL_DESTRUCTOR = YES;
				GCC_WARN_TYPECHECK_CALLS_TO_PRINTF = YES;
				GCC_WARN_UNDECLARED_SELECTOR = YES;
				GCC_WARN_UNINITIALIZED_AUTOS = YES;
				GCC_WARN_UNUSED_FUNCTION = YES;
				GCC_WARN_UNUSED_VARIABLE = YES;
				PRODUCT_NAME = "GRRNLRR";
				WARNING_CFLAGS = -Wreorder;
				ZERO_LINK = NO;
			};
			name = Release;
		};
		2A9E08E730709D7F81C65A3B = {
			isa = PBXTargetDependency;
			target = C026CA8D746BBD89861E8286;
		};
		28FDE83887EF75436DC20EFA = {
			isa = PBXTargetDependency;
			target = A677C00D3CD57566B43C01F5;
		};
		02AEF200C73AD4092479B600 = {
			isa = PBXTargetDependency;
			target = 99A90A4B940E5F13A3E268F5;
		};
		4BD412049A02A4079A1E2F27 = {
			isa = PBXTargetDependency;
			target = F79464AAED8535752A1C4BE3;
		};
		A5E35733B73EA18656031DF1 = {
			isa = PBXTargetDependency;
			target = 9F332CB3D8CB1CD66F4D6932;
		};
		063A00D5CCFA90F31C017496 = {
			isa = XCConfigurationList;
			buildConfigurations = (
				67DD2E95BAB6BF979B52B073,
				DA0D0346ACD79965ECBB8EE9,
			);
			defaultConfigurationIsVisible = 0;
			defaultConfigurationName = Debug;
		};
		6D375C5CF6C7C341C2453A5E = {
			isa = XCConfigurationList;
			buildConfigurations = (
				FF0D28EDAD61ED8BBB0E89C3,
				3933024F430F22E87D1459F0,
			);
			defaultConfigurationIsVisible = 0;
			defaultConfigurationName = Debug;
		};
		12159F588FA5B23DF671C82A = {
			isa = PBXAggregateTarget;
			buildConfigurationList = 6D375C5CF6C7C341C2453A5E;
			buildPhases = ( );
			buildRules = ( );
			dependencies = (
				2A9E08E730709D7F81C65A3B,
				28FDE83887EF75436DC20EFA,
				02AEF200C73AD4092479B600,
				4BD412049A02A4079A1E2F27,
				A5E35733B73EA18656031DF1,
			);
			name = "GRRNLRR - All";
			productName = GRRNLRR;
		};
		386A0128BCB8C2BF2AFDA985 = {
			isa = XCConfigurationList;
			buildConfigurations = (
				A75AC0DD214B1DA2396EF563,
				1BC9EDB948DB63E80C0FB758,
			);
			defaultConfigurationIsVisible = 0;
			defaultConfigurationName = Debug;
		};
		099A1D632111463464D2A1F0 = {
			isa = PBXResourcesBuildPhase;
			buildActionMask = 2147483647;
			files = (
				67F8031928FDD47D3C045BE8,
			);
			runOnlyForDeploymentPostprocessing = 0;
		};
		CF1C7628B611EA6E6BAB51D0 = {
			isa = PBXSourcesBuildPhase;
			buildActionMask = 2147483647;
			files = (
				2B49F4ED9FB7D11C0999B05F,
			);
			runOnlyForDeploymentPostprocessing = 0;
		};
		2AF5DEAE0F5C176BC33A1AA5 = {
			isa = PBXFrameworksBuildPhase;
			buildActionMask = 2147483647;
			files = (
				9EC64385CF87D5CACF0B88D7,
				4F56BF0F0FEC82D0A9C53E74,
				2AC113AA1EB4F084E724F812,
				122435FD343A9B3C3CC72F73,
				634A1AF73340B1621FBBB13B,
				30899A3F143CA64A3CC184CA,
				82EE3C90A191D8CEB3F515BD,
				A239920185F8249627E5D60E,
				64C21E258BF1AAA6668643C6,
				36996CBA5A1D0A2377BD77DA,
				D87CF1B21E942FD5555B93E3,
				E0A5E658903643598F73E78E,
				9AA510E0C20BBD8A51DBBDE5,
				021256960B386CFB0AC56D48,
			);
			runOnlyForDeploymentPostprocessing = 0;
		};
		C026CA8D746BBD89861E8286 = {
			isa = PBXNativeTarget;
			buildConfigurationList = 386A0128BCB8C2BF2AFDA985;
			buildPhases = (
				099A1D632111463464D2A1F0,
				CF1C7628B611EA6E6BAB51D0,
				2AF5DEAE0F5C176BC33A1AA5,
			);
			buildRules = ( );
			dependencies = (
				A5E35733B73EA18656031DF1,
			);
			name = "GRRNLRR - VST";
			productName = GRRNLRR;
			productReference = 3B32D916F61E72A4D8F5CFEC;
			productType = "com.apple.product-type.bundle";
		};
		5879F480B16DCBB6DC94E9EF = {
			isa = XCConfigurationList;
			buildConfigurations = (
				CD81C6D94C950ACC10274FBE,
				EF2DC20C0344299CF589734E,
			);
			defaultConfigurationIsVisible = 0;
			defaultConfigurationName = Debug;
		};
		214E1D47762A4C9F502392A6 = {
			isa = PBXResourcesBuildPhase;
			buildActionMask = 2147483647;
			files = (
				67F8031928FDD47D3C045BE8,
			);
			runOnlyForDeploymentPostprocessing = 0;
		};
		F1264361120E219F0A8360FF = {
			isa = PBXRezBuildPhase;
			buildActionMask = 2147483647;
			files = (
				E219A38B1BD63965F853C2C2,
			);
			runOnlyForDeploymentPostprocessing = 0;
		};
		0A58D03C19F7E6037D6BEECF = {
			isa = PBXSourcesBuildPhase;
			buildActionMask = 2147483647;
			files = (
				35DF1D9FD55CD7ACA7C4929D,
				8ECC6988EF0F414906016CF4,
			);
			runOnlyForDeploymentPostprocessing = 0;
		};
		4A93315A8AAE355338AB65EB = {
			isa = PBXFrameworksBuildPhase;
			buildActionMask = 2147483647;
			files = (
				9EC64385CF87D5CACF0B88D7,
				4F56BF0F0FEC82D0A9C53E74,
				7B11EF2E88D7BD31EBC9B631,
				2AC113AA1EB4F084E724F812,
				122435FD343A9B3C3CC72F73,
				634A1AF73340B1621FBBB13B,
				30899A3F143CA64A3CC184CA,
				82EE3C90A191D8CEB3F515BD,
				465D94DCE92A6CC1F1423488,
				A239920185F8249627E5D60E,
				64C21E258BF1AAA6668643C6,
				36996CBA5A1D0A2377BD77DA,
				D87CF1B21E942FD5555B93E3,
				E0A5E658903643598F73E78E,
				9AA510E0C20BBD8A51DBBDE5,
				021256960B386CFB0AC56D48,
			);
			runOnlyForDeploymentPostprocessing = 0;
		};
		A677C00D3CD57566B43C01F5 = {
			isa = PBXNativeTarget;
			buildConfigurationList = 5879F480B16DCBB6DC94E9EF;
			buildPhases = (
				214E1D47762A4C9F502392A6,
				F1264361120E219F0A8360FF,
				0A58D03C19F7E6037D6BEECF,
				4A93315A8AAE355338AB65EB,
			);
			buildRules = ( );
			dependencies = (
				A5E35733B73EA18656031DF1,
			);
			name = "GRRNLRR - AU";
			productName = GRRNLRR;
			productReference = A74FDC6895AF8771EC394608;
			productType = "com.apple.product-type.bundle";
		};
		AF60A9EB8B5BD15F2E3368B1 = {
			isa = XCConfigurationList;
			buildConfigurations = (
				E1D4D64A2E9D6F7929A431D5,
				A5C4FB6E56283E0436EB65F4,
			);
			defaultConfigurationIsVisible = 0;
			defaultConfigurationName = Debug;
		};
		ADFEB5FDAB40CD507A99063A = {
			isa = PBXResourcesBuildPhase;
			buildActionMask = 2147483647;
			files = (
				67F8031928FDD47D3C045BE8,
			);
			runOnlyForDeploymentPostprocessing = 0;
		};
		055EB70CCBBEFA7B5C8130E5 = {
			isa = PBXSourcesBuildPhase;
			buildActionMask = 2147483647;
			files = (
				3F1B44CE31A229146E810D1C,
			);
			runOnlyForDeploymentPostprocessing = 0;
		};
		9638EF4D0F7682B251FAA462 = {
			isa = PBXFrameworksBuildPhase;
			buildActionMask = 2147483647;
			files = (
				9EC64385CF87D5CACF0B88D7,
				4F56BF0F0FEC82D0A9C53E74,
				2AC113AA1EB4F084E724F812,
				122435FD343A9B3C3CC72F73,
				634A1AF73340B1621FBBB13B,
				30899A3F143CA64A3CC184CA,
				82EE3C90A191D8CEB3F515BD,
				A239920185F8249627E5D60E,
				64C21E258BF1AAA6668643C6,
				36996CBA5A1D0A2377BD77DA,
				D87CF1B21E942FD5555B93E3,
				E0A5E658903643598F73E78E,
				9AA510E0C20BBD8A51DBBDE5,
				021256960B386CFB0AC56D48,
			);
			runOnlyForDeploymentPostprocessing = 0;
		};
		99A90A4B940E5F13A3E268F5 = {
			isa = PBXNativeTarget;
			buildConfigurationList = AF60A9EB8B5BD15F2E3368B1;
			buildPhases = (
				ADFEB5FDAB40CD507A99063A,
				055EB70CCBBEFA7B5C8130E5,
				9638EF4D0F7682B251FAA462,
			);
			buildRules = ( );
			dependencies = (
				A5E35733B73EA18656031DF1,
			);
			name = "GRRNLRR - Standalone Plugin";
			productName = GRRNLRR;
			productReference = 4FCE253C1808BBFCC27D603B;
			productType = "com.apple.product-type.application";
		};
		693470FA0342B58367299D94 = {
			isa = XCConfigurationList;
			buildConfigurations = (
				27F317266AA3A881CD94F610,
				F82290BDDB830B427ABFF668,
			);
			defaultConfigurationIsVisible = 0;
			defaultConfigurationName = Debug;
		};
		54AB441AB6D24C66223117C7 = {
			isa = PBXResourcesBuildPhase;
			buildActionMask = 2147483647;
			files = (
				67F8031928FDD47D3C045BE8,
			);
			runOnlyForDeploymentPostprocessing = 0;
		};
		0A11CD6B9377910EC6AC0433 = {
			isa = PBXSourcesBuildPhase;
			buildActionMask = 2147483647;
			files = (
				249776EA6C136333730ED090,
			);
			runOnlyForDeploymentPostprocessing = 0;
		};
		D964DC8136223A214234CC2D = {
			isa = PBXFrameworksBuildPhase;
			buildActionMask = 2147483647;
			files = (
				9EC64385CF87D5CACF0B88D7,
				4F56BF0F0FEC82D0A9C53E74,
				2AC113AA1EB4F084E724F812,
				122435FD343A9B3C3CC72F73,
				634A1AF73340B1621FBBB13B,
				30899A3F143CA64A3CC184CA,
				82EE3C90A191D8CEB3F515BD,
				A239920185F8249627E5D60E,
				64C21E258BF1AAA6668643C6,
				36996CBA5A1D0A2377BD77DA,
				D87CF1B21E942FD5555B93E3,
				E0A5E658903643598F73E78E,
				9AA510E0C20BBD8A51DBBDE5,
				021256960B386CFB0AC56D48,
			);
			runOnlyForDeploymentPostprocessing = 0;
		};
		10C90AC55DBFDEEF13641069 = {
			isa = PBXCopyFilesBuildPhase;
			buildActionMask = 2147483647;
			files = (
				528F94358C87951D054C9997,
			);
			runOnlyForDeploymentPostprocessing = 0;
			name = "Embed Unity Script";
			dstPath = "";
			dstSubfolderSpec = 1;
		};
		F79464AAED8535752A1C4BE3 = {
			isa = PBXNativeTarget;
			buildConfigurationList = 693470FA0342B58367299D94;
			buildPhases = (
				54AB441AB6D24C66223117C7,
				0A11CD6B9377910EC6AC0433,
				D964DC8136223A214234CC2D,
				10C90AC55DBFDEEF13641069,
			);
			buildRules = ( );
			dependencies = (
				A5E35733B73EA18656031DF1,
			);
			name = "GRRNLRR - Unity Plugin";
			productName = GRRNLRR;
			productReference = 490CD374880CD450E0A03651;
			productType = "com.apple.product-type.bundle";
		};
		92699F8179F252D3AD3C61EC = {
			isa = XCConfigurationList;
			buildConfigurations = (
				50F14A7E86BEBCFF3CD5623E,
				397A523E6757D5A4B6D99D08,
			);
			defaultConfigurationIsVisible = 0;
			defaultConfigurationName = Debug;
		};
		EB343214B23767152E10036E = {
			isa = PBXSourcesBuildPhase;
			buildActionMask = 2147483647;
			files = (
				3AA630940256475C472D4494,
				1E75AB0B502026AFF7FDC636,
				EE73D7CBE12933A71284E4A8,
				FF77839133EFDA969BC1F63C,
				5E051AF1547FD3F556550BBD,
				58A21DF3635883B82F198ED0,
				FBF11F8060DE66BF3F1ABE02,
				0905E3C909F9BC300DB8594B,
				D8DA2F34923DA58C1008B5F2,
				E44E54D5864377C10B1DBBF4,
				4841BA68A36FBF4ADB10FD96,
				81CC4C29F17634D3089F3D4E,
				956279382127D22CAA595CBA,
				2EAAFC56F36CCA2974912804,
				0E4AF6D7122054170CF5C04B,
				EF73A2ECD92C41BD3CEBFCBA,
				A0E932DE5AB8C61E709AA80B,
				891CE972FD02F4EC7F6D98D6,
			);
			runOnlyForDeploymentPostprocessing = 0;
		};
		9F332CB3D8CB1CD66F4D6932 = {
			isa = PBXNativeTarget;
			buildConfigurationList = 92699F8179F252D3AD3C61EC;
			buildPhases = (
				EB343214B23767152E10036E,
			);
			buildRules = ( );
			dependencies = ( );
			name = "GRRNLRR - Shared Code";
			productName = GRRNLRR;
			productReference = CD4C4E25635974520A81B99C;
			productType = "com.apple.product-type.library.static";
		};
		7DE5087DE685F26C39A10F8D = {
			isa = PBXProject;
			buildConfigurationList = 063A00D5CCFA90F31C017496;
			attributes = { LastUpgradeCheck = 0930; ORGANIZATIONNAME = "Raffael Seyfried"; TargetAttributes = { 12159F588FA5B23DF671C82A = { SystemCapabilities = {com.apple.ApplicationGroups.iOS = { enabled = 0; }; com.apple.InAppPurchase = { enabled = 0; }; com.apple.InterAppAudio = { enabled = 0; }; com.apple.Push = { enabled = 0; }; com.apple.Sandbox = { enabled = 0; }; }; };C026CA8D746BBD89861E8286 = { SystemCapabilities = {com.apple.ApplicationGroups.iOS = { enabled = 0; }; com.apple.InAppPurchase = { enabled = 0; }; com.apple.InterAppAudio = { enabled = 0; }; com.apple.Push = { enabled = 0; }; com.apple.Sandbox = { enabled = 0; }; }; };A677C00D3CD57566B43C01F5 = { SystemCapabilities = {com.apple.ApplicationGroups.iOS = { enabled = 0; }; com.apple.InAppPurchase = { enabled = 0; }; com.apple.InterAppAudio = { enabled = 0; }; com.apple.Push = { enabled = 0; }; com.apple.Sandbox = { enabled = 0; }; }; };99A90A4B940E5F13A3E268F5 = { SystemCapabilities = {com.apple.ApplicationGroups.iOS = { enabled = 0; }; com.apple.InAppPurchase = { enabled = 0; }; com.apple.InterAppAudio = { enabled = 0; }; com.apple.Push = { enabled = 0; }; com.apple.Sandbox = { enabled = 0; }; }; };F79464AAED8535752A1C4BE3 = { SystemCapabilities = {com.apple.ApplicationGroups.iOS = { enabled = 0; }; com.apple.InAppPurchase = { enabled = 0; }; com.apple.InterAppAudio = { enabled = 0; }; com.apple.Push = { enabled = 0; }; com.apple.Sandbox = { enabled = 0; }; }; };9F332CB3D8CB1CD66F4D6932 = { SystemCapabilities = {com.apple.ApplicationGroups.iOS = { enabled = 0; }; com.apple.InAppPurchase = { enabled = 0; }; com.apple.InterAppAudio = { enabled = 0; }; com.apple.Push = { enabled = 0; }; com.apple.Sandbox = { enabled = 0; }; }; }; }; };
			compatibilityVersion = "Xcode 3.2";
			hasScannedForEncodings = 0;
			mainGroup = C2DC81AA9E443D7C85385ED2;
			projectDirPath = "";
			projectRoot = "";
			targets = (12159F588FA5B23DF671C82A, C026CA8D746BBD89861E8286, A677C00D3CD57566B43C01F5, 99A90A4B940E5F13A3E268F5, F79464AAED8535752A1C4BE3, 9F332CB3D8CB1CD66F4D6932);
		};
	};
	rootObject = 7DE5087DE685F26C39A10F8D;
}
